
Microsoft Visual Studio Solution File, Format Version 12.00
# Visual Studio Version 17
VisualStudioVersion = 17.6.33815.320
MinimumVisualStudioVersion = 10.0.40219.1
Project("{FAE04EC0-301F-11D3-BF4B-00C04F79EFBC}") = "labDay2", "labDay2.csproj", "{67C41982-39C3-4B79-B9F0-1189E397711E}"
EndProject
Global
	GlobalSection(SolutionConfigurationPlatforms) = preSolution
		Debug|Any CPU = Debug|Any CPU
		Release|Any CPU = Release|Any CPU
	EndGlobalSection
	GlobalSection(ProjectConfigurationPlatforms) = postSolution
		{67C41982-39C3-4B79-B9F0-1189E397711E}.Debug|Any CPU.ActiveCfg = Debug|Any CPU
		{67C41982-39C3-4B79-B9F0-1189E397711E}.Debug|Any CPU.Build.0 = Debug|Any CPU
		{67C41982-39C3-4B79-B9F0-1189E397711E}.Release|Any CPU.ActiveCfg = Release|Any CPU
		{67C41982-39C3-4B79-B9F0-1189E397711E}.Release|Any CPU.Build.0 = Release|Any CPU
	EndGlobalSection
	GlobalSection(SolutionProperties) = preSolution
		HideSolutionNode = FALSE
	EndGlobalSection
	GlobalSection(ExtensibilityGlobals) = postSolution
		SolutionGuid = {420DD334-4643-4A7D-BC79-B4134332F120}
	EndGlobalSection
EndGlobal
