
Microsoft Visual Studio Solution File, Format Version 12.00
# Visual Studio Version 17
VisualStudioVersion = 17.6.33815.320
MinimumVisualStudioVersion = 10.0.40219.1
Project("{FAE04EC0-301F-11D3-BF4B-00C04F79EFBC}") = "day4lab", "day4lab.csproj", "{638A8037-E563-4832-9875-798A6CDBED6A}"
EndProject
Global
	GlobalSection(SolutionConfigurationPlatforms) = preSolution
		Debug|Any CPU = Debug|Any CPU
		Release|Any CPU = Release|Any CPU
	EndGlobalSection
	GlobalSection(ProjectConfigurationPlatforms) = postSolution
		{638A8037-E563-4832-9875-798A6CDBED6A}.Debug|Any CPU.ActiveCfg = Debug|Any CPU
		{638A8037-E563-4832-9875-798A6CDBED6A}.Debug|Any CPU.Build.0 = Debug|Any CPU
		{638A8037-E563-4832-9875-798A6CDBED6A}.Release|Any CPU.ActiveCfg = Release|Any CPU
		{638A8037-E563-4832-9875-798A6CDBED6A}.Release|Any CPU.Build.0 = Release|Any CPU
	EndGlobalSection
	GlobalSection(SolutionProperties) = preSolution
		HideSolutionNode = FALSE
	EndGlobalSection
	GlobalSection(ExtensibilityGlobals) = postSolution
		SolutionGuid = {A129A251-97C5-4337-A8B0-D070828D444A}
	EndGlobalSection
EndGlobal
